// !$*UTF8*$!
{
	archiveVersion = 1;
	classes = {
	};
	objectVersion = 51;
	objects = {

/* Begin PBXBuildFile section */
		2AD90AA8229737150022E771 /* ToDoServiceProtocol.swift in Sources */ = {isa = PBXBuildFile; fileRef = 2AD90AA7229737150022E771 /* ToDoServiceProtocol.swift */; };
		2AD90AAA229739C10022E771 /* ToDoService.swift in Sources */ = {isa = PBXBuildFile; fileRef = 2AD90AA9229739C10022E771 /* ToDoService.swift */; };
		2AF89EB82296EE0A00C7B1D8 /* AppDelegate.swift in Sources */ = {isa = PBXBuildFile; fileRef = 2AF89EB72296EE0A00C7B1D8 /* AppDelegate.swift */; };
		2AF89EBA2296EE0A00C7B1D8 /* ViewController.swift in Sources */ = {isa = PBXBuildFile; fileRef = 2AF89EB92296EE0A00C7B1D8 /* ViewController.swift */; };
		2AF89EBD2296EE0A00C7B1D8 /* Main.storyboard in Resources */ = {isa = PBXBuildFile; fileRef = 2AF89EBB2296EE0A00C7B1D8 /* Main.storyboard */; };
		2AF89EBF2296EE0C00C7B1D8 /* Assets.xcassets in Resources */ = {isa = PBXBuildFile; fileRef = 2AF89EBE2296EE0C00C7B1D8 /* Assets.xcassets */; };
		2AF89EC22296EE0C00C7B1D8 /* LaunchScreen.storyboard in Resources */ = {isa = PBXBuildFile; fileRef = 2AF89EC02296EE0C00C7B1D8 /* LaunchScreen.storyboard */; };
		2AF89ED82296EE0C00C7B1D8 /* ToDoUITests.swift in Sources */ = {isa = PBXBuildFile; fileRef = 2AF89ED72296EE0C00C7B1D8 /* ToDoUITests.swift */; };
		2AF89EE62296F28900C7B1D8 /* ToDoItem.swift in Sources */ = {isa = PBXBuildFile; fileRef = 2AF89EE52296F28900C7B1D8 /* ToDoItem.swift */; };
		2AF89EEF229701DE00C7B1D8 /* GherkinTest.swift in Sources */ = {isa = PBXBuildFile; fileRef = 2AF89EEE229701DE00C7B1D8 /* GherkinTest.swift */; };
		4CF4C0605108EA500E97E695 /* Pods_ToDoTests.framework in Frameworks */ = {isa = PBXBuildFile; fileRef = 59302E0E85536B13FFE873E3 /* Pods_ToDoTests.framework */; };
		7644070C229865950043B397 /* MockToDoService.swift in Sources */ = {isa = PBXBuildFile; fileRef = 7644070B229865950043B397 /* MockToDoService.swift */; };
		7644071122986BE50043B397 /* ViewControllerTest.swift in Sources */ = {isa = PBXBuildFile; fileRef = 2AF89EEC2296FF5A00C7B1D8 /* ViewControllerTest.swift */; };
		76440715229DAF0F0043B397 /* HttpHandler.swift in Sources */ = {isa = PBXBuildFile; fileRef = 76440714229DAF0F0043B397 /* HttpHandler.swift */; };
		76440717229DB0C40043B397 /* JSONParser.swift in Sources */ = {isa = PBXBuildFile; fileRef = 76440716229DB0C40043B397 /* JSONParser.swift */; };
		76440719229DBD940043B397 /* CreateToDoViewController.swift in Sources */ = {isa = PBXBuildFile; fileRef = 76440718229DBD940043B397 /* CreateToDoViewController.swift */; };
		76558772229ED8A600AC1EA3 /* ToastExtension.swift in Sources */ = {isa = PBXBuildFile; fileRef = 76558771229ED8A600AC1EA3 /* ToastExtension.swift */; };
		76558774229F0B2A00AC1EA3 /* ToDoStatusNavigator.swift in Sources */ = {isa = PBXBuildFile; fileRef = 76558773229F0B2A00AC1EA3 /* ToDoStatusNavigator.swift */; };
		76558778229F17DD00AC1EA3 /* CompletedTasksViewController.swift in Sources */ = {isa = PBXBuildFile; fileRef = 76558777229F17DD00AC1EA3 /* CompletedTasksViewController.swift */; };
		C614138A93F8FCC599096E9F /* Pods_ToDo.framework in Frameworks */ = {isa = PBXBuildFile; fileRef = 0CC56BC38283FF6F178DA4F3 /* Pods_ToDo.framework */; };
		CFB42FEB0B5073D45F5C6F51 /* Pods_ToDoUITests.framework in Frameworks */ = {isa = PBXBuildFile; fileRef = 21D1FE05A50A67BD3D6D9AAB /* Pods_ToDoUITests.framework */; };
/* End PBXBuildFile section */

/* Begin PBXContainerItemProxy section */
		2AF89EC92296EE0C00C7B1D8 /* PBXContainerItemProxy */ = {
			isa = PBXContainerItemProxy;
			containerPortal = 2AF89EAC2296EE0A00C7B1D8 /* Project object */;
			proxyType = 1;
			remoteGlobalIDString = 2AF89EB32296EE0A00C7B1D8;
			remoteInfo = ToDo;
		};
		2AF89ED42296EE0C00C7B1D8 /* PBXContainerItemProxy */ = {
			isa = PBXContainerItemProxy;
			containerPortal = 2AF89EAC2296EE0A00C7B1D8 /* Project object */;
			proxyType = 1;
			remoteGlobalIDString = 2AF89EB32296EE0A00C7B1D8;
			remoteInfo = ToDo;
		};
/* End PBXContainerItemProxy section */

/* Begin PBXFileReference section */
		0CC56BC38283FF6F178DA4F3 /* Pods_ToDo.framework */ = {isa = PBXFileReference; explicitFileType = wrapper.framework; includeInIndex = 0; path = Pods_ToDo.framework; sourceTree = BUILT_PRODUCTS_DIR; };
		21D1FE05A50A67BD3D6D9AAB /* Pods_ToDoUITests.framework */ = {isa = PBXFileReference; explicitFileType = wrapper.framework; includeInIndex = 0; path = Pods_ToDoUITests.framework; sourceTree = BUILT_PRODUCTS_DIR; };
		2AD90AA7229737150022E771 /* ToDoServiceProtocol.swift */ = {isa = PBXFileReference; lastKnownFileType = sourcecode.swift; path = ToDoServiceProtocol.swift; sourceTree = "<group>"; };
		2AD90AA9229739C10022E771 /* ToDoService.swift */ = {isa = PBXFileReference; lastKnownFileType = sourcecode.swift; path = ToDoService.swift; sourceTree = "<group>"; };
		2AF89EB42296EE0A00C7B1D8 /* ToDo.app */ = {isa = PBXFileReference; explicitFileType = wrapper.application; includeInIndex = 0; path = ToDo.app; sourceTree = BUILT_PRODUCTS_DIR; };
		2AF89EB72296EE0A00C7B1D8 /* AppDelegate.swift */ = {isa = PBXFileReference; lastKnownFileType = sourcecode.swift; path = AppDelegate.swift; sourceTree = "<group>"; };
		2AF89EB92296EE0A00C7B1D8 /* ViewController.swift */ = {isa = PBXFileReference; lastKnownFileType = sourcecode.swift; path = ViewController.swift; sourceTree = "<group>"; };
		2AF89EBC2296EE0A00C7B1D8 /* Base */ = {isa = PBXFileReference; lastKnownFileType = file.storyboard; name = Base; path = Base.lproj/Main.storyboard; sourceTree = "<group>"; };
		2AF89EBE2296EE0C00C7B1D8 /* Assets.xcassets */ = {isa = PBXFileReference; lastKnownFileType = folder.assetcatalog; path = Assets.xcassets; sourceTree = "<group>"; };
		2AF89EC12296EE0C00C7B1D8 /* Base */ = {isa = PBXFileReference; lastKnownFileType = file.storyboard; name = Base; path = Base.lproj/LaunchScreen.storyboard; sourceTree = "<group>"; };
		2AF89EC32296EE0C00C7B1D8 /* Info.plist */ = {isa = PBXFileReference; lastKnownFileType = text.plist.xml; path = Info.plist; sourceTree = "<group>"; };
		2AF89EC82296EE0C00C7B1D8 /* ToDoTests.xctest */ = {isa = PBXFileReference; explicitFileType = wrapper.cfbundle; includeInIndex = 0; path = ToDoTests.xctest; sourceTree = BUILT_PRODUCTS_DIR; };
		2AF89ECE2296EE0C00C7B1D8 /* Info.plist */ = {isa = PBXFileReference; lastKnownFileType = text.plist.xml; path = Info.plist; sourceTree = "<group>"; };
		2AF89ED32296EE0C00C7B1D8 /* ToDoUITests.xctest */ = {isa = PBXFileReference; explicitFileType = wrapper.cfbundle; includeInIndex = 0; path = ToDoUITests.xctest; sourceTree = BUILT_PRODUCTS_DIR; };
		2AF89ED72296EE0C00C7B1D8 /* ToDoUITests.swift */ = {isa = PBXFileReference; lastKnownFileType = sourcecode.swift; path = ToDoUITests.swift; sourceTree = "<group>"; };
		2AF89ED92296EE0C00C7B1D8 /* Info.plist */ = {isa = PBXFileReference; lastKnownFileType = text.plist.xml; path = Info.plist; sourceTree = "<group>"; };
		2AF89EE52296F28900C7B1D8 /* ToDoItem.swift */ = {isa = PBXFileReference; lastKnownFileType = sourcecode.swift; path = ToDoItem.swift; sourceTree = "<group>"; };
		2AF89EEC2296FF5A00C7B1D8 /* ViewControllerTest.swift */ = {isa = PBXFileReference; lastKnownFileType = sourcecode.swift; path = ViewControllerTest.swift; sourceTree = "<group>"; };
		2AF89EEE229701DE00C7B1D8 /* GherkinTest.swift */ = {isa = PBXFileReference; lastKnownFileType = sourcecode.swift; path = GherkinTest.swift; sourceTree = "<group>"; };
		35D83CEEB553AC812A229BA2 /* Pods-ToDoUITests.debug.xcconfig */ = {isa = PBXFileReference; includeInIndex = 1; lastKnownFileType = text.xcconfig; name = "Pods-ToDoUITests.debug.xcconfig"; path = "Target Support Files/Pods-ToDoUITests/Pods-ToDoUITests.debug.xcconfig"; sourceTree = "<group>"; };
		59302E0E85536B13FFE873E3 /* Pods_ToDoTests.framework */ = {isa = PBXFileReference; explicitFileType = wrapper.framework; includeInIndex = 0; path = Pods_ToDoTests.framework; sourceTree = BUILT_PRODUCTS_DIR; };
		5DF1FB64F8A7AA74FBA53C15 /* Pods-ToDo.debug.xcconfig */ = {isa = PBXFileReference; includeInIndex = 1; lastKnownFileType = text.xcconfig; name = "Pods-ToDo.debug.xcconfig"; path = "Target Support Files/Pods-ToDo/Pods-ToDo.debug.xcconfig"; sourceTree = "<group>"; };
		69CA809D06A2A1800402A2C5 /* Pods-ToDoTests.debug.xcconfig */ = {isa = PBXFileReference; includeInIndex = 1; lastKnownFileType = text.xcconfig; name = "Pods-ToDoTests.debug.xcconfig"; path = "Target Support Files/Pods-ToDoTests/Pods-ToDoTests.debug.xcconfig"; sourceTree = "<group>"; };
		7644070B229865950043B397 /* MockToDoService.swift */ = {isa = PBXFileReference; lastKnownFileType = sourcecode.swift; path = MockToDoService.swift; sourceTree = SOURCE_ROOT; };
		76440714229DAF0F0043B397 /* HttpHandler.swift */ = {isa = PBXFileReference; lastKnownFileType = sourcecode.swift; path = HttpHandler.swift; sourceTree = "<group>"; };
		76440716229DB0C40043B397 /* JSONParser.swift */ = {isa = PBXFileReference; lastKnownFileType = sourcecode.swift; path = JSONParser.swift; sourceTree = "<group>"; };
		76440718229DBD940043B397 /* CreateToDoViewController.swift */ = {isa = PBXFileReference; lastKnownFileType = sourcecode.swift; path = CreateToDoViewController.swift; sourceTree = "<group>"; };
		76558771229ED8A600AC1EA3 /* ToastExtension.swift */ = {isa = PBXFileReference; lastKnownFileType = sourcecode.swift; path = ToastExtension.swift; sourceTree = "<group>"; };
		76558773229F0B2A00AC1EA3 /* ToDoStatusNavigator.swift */ = {isa = PBXFileReference; lastKnownFileType = sourcecode.swift; path = ToDoStatusNavigator.swift; sourceTree = "<group>"; };
		76558777229F17DD00AC1EA3 /* CompletedTasksViewController.swift */ = {isa = PBXFileReference; lastKnownFileType = sourcecode.swift; path = CompletedTasksViewController.swift; sourceTree = "<group>"; };
		9D4F06097EB01A0387732CD3 /* Pods-ToDoTests.release.xcconfig */ = {isa = PBXFileReference; includeInIndex = 1; lastKnownFileType = text.xcconfig; name = "Pods-ToDoTests.release.xcconfig"; path = "Target Support Files/Pods-ToDoTests/Pods-ToDoTests.release.xcconfig"; sourceTree = "<group>"; };
		CF78968D29BDC957D0F9843F /* Pods-ToDoUITests.release.xcconfig */ = {isa = PBXFileReference; includeInIndex = 1; lastKnownFileType = text.xcconfig; name = "Pods-ToDoUITests.release.xcconfig"; path = "Target Support Files/Pods-ToDoUITests/Pods-ToDoUITests.release.xcconfig"; sourceTree = "<group>"; };
		F6EBC1CCBDD8893D3F5D9AC8 /* Pods-ToDo.release.xcconfig */ = {isa = PBXFileReference; includeInIndex = 1; lastKnownFileType = text.xcconfig; name = "Pods-ToDo.release.xcconfig"; path = "Target Support Files/Pods-ToDo/Pods-ToDo.release.xcconfig"; sourceTree = "<group>"; };
/* End PBXFileReference section */

/* Begin PBXFrameworksBuildPhase section */
		2AF89EB12296EE0A00C7B1D8 /* Frameworks */ = {
			isa = PBXFrameworksBuildPhase;
			buildActionMask = 2147483647;
			files = (
				C614138A93F8FCC599096E9F /* Pods_ToDo.framework in Frameworks */,
			);
			runOnlyForDeploymentPostprocessing = 0;
		};
		2AF89EC52296EE0C00C7B1D8 /* Frameworks */ = {
			isa = PBXFrameworksBuildPhase;
			buildActionMask = 2147483647;
			files = (
				4CF4C0605108EA500E97E695 /* Pods_ToDoTests.framework in Frameworks */,
			);
			runOnlyForDeploymentPostprocessing = 0;
		};
		2AF89ED02296EE0C00C7B1D8 /* Frameworks */ = {
			isa = PBXFrameworksBuildPhase;
			buildActionMask = 2147483647;
			files = (
				CFB42FEB0B5073D45F5C6F51 /* Pods_ToDoUITests.framework in Frameworks */,
			);
			runOnlyForDeploymentPostprocessing = 0;
		};
/* End PBXFrameworksBuildPhase section */

/* Begin PBXGroup section */
		2AF89EAB2296EE0A00C7B1D8 = {
			isa = PBXGroup;
			children = (
				2AF89EB62296EE0A00C7B1D8 /* ToDo */,
				2AF89ECB2296EE0C00C7B1D8 /* ToDoTests */,
				2AF89ED62296EE0C00C7B1D8 /* ToDoUITests */,
				2AF89EB52296EE0A00C7B1D8 /* Products */,
				9131C0D0085308E8875AAEFA /* Pods */,
				A29B34B10A086FC6E4AA0F2D /* Frameworks */,
			);
			sourceTree = "<group>";
		};
		2AF89EB52296EE0A00C7B1D8 /* Products */ = {
			isa = PBXGroup;
			children = (
				2AF89EB42296EE0A00C7B1D8 /* ToDo.app */,
				2AF89EC82296EE0C00C7B1D8 /* ToDoTests.xctest */,
				2AF89ED32296EE0C00C7B1D8 /* ToDoUITests.xctest */,
			);
			name = Products;
			sourceTree = "<group>";
		};
		2AF89EB62296EE0A00C7B1D8 /* ToDo */ = {
			isa = PBXGroup;
			children = (
				2AF89EB72296EE0A00C7B1D8 /* AppDelegate.swift */,
				2AF89EB92296EE0A00C7B1D8 /* ViewController.swift */,
				2AF89EBB2296EE0A00C7B1D8 /* Main.storyboard */,
				2AF89EBE2296EE0C00C7B1D8 /* Assets.xcassets */,
				2AF89EC02296EE0C00C7B1D8 /* LaunchScreen.storyboard */,
				2AF89EC32296EE0C00C7B1D8 /* Info.plist */,
				2AF89EE52296F28900C7B1D8 /* ToDoItem.swift */,
				2AD90AA7229737150022E771 /* ToDoServiceProtocol.swift */,
				2AD90AA9229739C10022E771 /* ToDoService.swift */,
				7644070B229865950043B397 /* MockToDoService.swift */,
				76440714229DAF0F0043B397 /* HttpHandler.swift */,
				76440716229DB0C40043B397 /* JSONParser.swift */,
				76440718229DBD940043B397 /* CreateToDoViewController.swift */,
				76558771229ED8A600AC1EA3 /* ToastExtension.swift */,
				76558773229F0B2A00AC1EA3 /* ToDoStatusNavigator.swift */,
				76558777229F17DD00AC1EA3 /* CompletedTasksViewController.swift */,
			);
			path = ToDo;
			sourceTree = "<group>";
		};
		2AF89ECB2296EE0C00C7B1D8 /* ToDoTests */ = {
			isa = PBXGroup;
			children = (
				2AF89ECE2296EE0C00C7B1D8 /* Info.plist */,
				2AF89EEC2296FF5A00C7B1D8 /* ViewControllerTest.swift */,
			);
			path = ToDoTests;
			sourceTree = "<group>";
		};
		2AF89ED62296EE0C00C7B1D8 /* ToDoUITests */ = {
			isa = PBXGroup;
			children = (
				2AF89ED72296EE0C00C7B1D8 /* ToDoUITests.swift */,
				2AF89ED92296EE0C00C7B1D8 /* Info.plist */,
				2AF89EEE229701DE00C7B1D8 /* GherkinTest.swift */,
			);
			path = ToDoUITests;
			sourceTree = "<group>";
		};
		9131C0D0085308E8875AAEFA /* Pods */ = {
			isa = PBXGroup;
			children = (
				5DF1FB64F8A7AA74FBA53C15 /* Pods-ToDo.debug.xcconfig */,
				F6EBC1CCBDD8893D3F5D9AC8 /* Pods-ToDo.release.xcconfig */,
				69CA809D06A2A1800402A2C5 /* Pods-ToDoTests.debug.xcconfig */,
				9D4F06097EB01A0387732CD3 /* Pods-ToDoTests.release.xcconfig */,
				35D83CEEB553AC812A229BA2 /* Pods-ToDoUITests.debug.xcconfig */,
				CF78968D29BDC957D0F9843F /* Pods-ToDoUITests.release.xcconfig */,
			);
			path = Pods;
			sourceTree = "<group>";
		};
		A29B34B10A086FC6E4AA0F2D /* Frameworks */ = {
			isa = PBXGroup;
			children = (
				0CC56BC38283FF6F178DA4F3 /* Pods_ToDo.framework */,
				59302E0E85536B13FFE873E3 /* Pods_ToDoTests.framework */,
				21D1FE05A50A67BD3D6D9AAB /* Pods_ToDoUITests.framework */,
			);
			name = Frameworks;
			sourceTree = "<group>";
		};
/* End PBXGroup section */

/* Begin PBXNativeTarget section */
		2AF89EB32296EE0A00C7B1D8 /* ToDo */ = {
			isa = PBXNativeTarget;
			buildConfigurationList = 2AF89EDC2296EE0C00C7B1D8 /* Build configuration list for PBXNativeTarget "ToDo" */;
			buildPhases = (
				5114ED7B2DC966E3619A122D /* [CP] Check Pods Manifest.lock */,
				2AF89EB02296EE0A00C7B1D8 /* Sources */,
				2AF89EB12296EE0A00C7B1D8 /* Frameworks */,
				2AF89EB22296EE0A00C7B1D8 /* Resources */,
				7FEA10877767DF9B27FA8F74 /* [CP] Embed Pods Frameworks */,
			);
			buildRules = (
			);
			dependencies = (
			);
			name = ToDo;
			productName = ToDo;
			productReference = 2AF89EB42296EE0A00C7B1D8 /* ToDo.app */;
			productType = "com.apple.product-type.application";
		};
		2AF89EC72296EE0C00C7B1D8 /* ToDoTests */ = {
			isa = PBXNativeTarget;
			buildConfigurationList = 2AF89EDF2296EE0C00C7B1D8 /* Build configuration list for PBXNativeTarget "ToDoTests" */;
			buildPhases = (
				1A0B6A2259E7D30CD24C8C31 /* [CP] Check Pods Manifest.lock */,
				2AF89EC42296EE0C00C7B1D8 /* Sources */,
				2AF89EC52296EE0C00C7B1D8 /* Frameworks */,
				2AF89EC62296EE0C00C7B1D8 /* Resources */,
			);
			buildRules = (
			);
			dependencies = (
				2AF89ECA2296EE0C00C7B1D8 /* PBXTargetDependency */,
			);
			name = ToDoTests;
			productName = ToDoTests;
			productReference = 2AF89EC82296EE0C00C7B1D8 /* ToDoTests.xctest */;
			productType = "com.apple.product-type.bundle.unit-test";
		};
		2AF89ED22296EE0C00C7B1D8 /* ToDoUITests */ = {
			isa = PBXNativeTarget;
			buildConfigurationList = 2AF89EE22296EE0C00C7B1D8 /* Build configuration list for PBXNativeTarget "ToDoUITests" */;
			buildPhases = (
				010A9237C5457D9FBCDE338D /* [CP] Check Pods Manifest.lock */,
				2AF89ECF2296EE0C00C7B1D8 /* Sources */,
				2AF89ED02296EE0C00C7B1D8 /* Frameworks */,
				2AF89ED12296EE0C00C7B1D8 /* Resources */,
				9AC01CF7B1DEF00EC7B15DED /* [CP] Embed Pods Frameworks */,
			);
			buildRules = (
			);
			dependencies = (
				2AF89ED52296EE0C00C7B1D8 /* PBXTargetDependency */,
			);
			name = ToDoUITests;
			productName = ToDoUITests;
			productReference = 2AF89ED32296EE0C00C7B1D8 /* ToDoUITests.xctest */;
			productType = "com.apple.product-type.bundle.ui-testing";
		};
/* End PBXNativeTarget section */

/* Begin PBXProject section */
		2AF89EAC2296EE0A00C7B1D8 /* Project object */ = {
			isa = PBXProject;
			attributes = {
				LastSwiftUpdateCheck = 1020;
				LastUpgradeCheck = 1020;
				ORGANIZATIONNAME = zachary.j.valentine;
				TargetAttributes = {
					2AF89EB32296EE0A00C7B1D8 = {
						CreatedOnToolsVersion = 10.2.1;
					};
					2AF89EC72296EE0C00C7B1D8 = {
						CreatedOnToolsVersion = 10.2.1;
						TestTargetID = 2AF89EB32296EE0A00C7B1D8;
					};
					2AF89ED22296EE0C00C7B1D8 = {
						CreatedOnToolsVersion = 10.2.1;
						TestTargetID = 2AF89EB32296EE0A00C7B1D8;
					};
				};
			};
			buildConfigurationList = 2AF89EAF2296EE0A00C7B1D8 /* Build configuration list for PBXProject "ToDo" */;
			compatibilityVersion = "Xcode 9.3";
			developmentRegion = en;
			hasScannedForEncodings = 0;
			knownRegions = (
				en,
				Base,
			);
			mainGroup = 2AF89EAB2296EE0A00C7B1D8;
			productRefGroup = 2AF89EB52296EE0A00C7B1D8 /* Products */;
			projectDirPath = "";
			projectRoot = "";
			targets = (
				2AF89EB32296EE0A00C7B1D8 /* ToDo */,
				2AF89EC72296EE0C00C7B1D8 /* ToDoTests */,
				2AF89ED22296EE0C00C7B1D8 /* ToDoUITests */,
			);
		};
/* End PBXProject section */

/* Begin PBXResourcesBuildPhase section */
		2AF89EB22296EE0A00C7B1D8 /* Resources */ = {
			isa = PBXResourcesBuildPhase;
			buildActionMask = 2147483647;
			files = (
				2AF89EC22296EE0C00C7B1D8 /* LaunchScreen.storyboard in Resources */,
				2AF89EBF2296EE0C00C7B1D8 /* Assets.xcassets in Resources */,
				2AF89EBD2296EE0A00C7B1D8 /* Main.storyboard in Resources */,
			);
			runOnlyForDeploymentPostprocessing = 0;
		};
		2AF89EC62296EE0C00C7B1D8 /* Resources */ = {
			isa = PBXResourcesBuildPhase;
			buildActionMask = 2147483647;
			files = (
			);
			runOnlyForDeploymentPostprocessing = 0;
		};
		2AF89ED12296EE0C00C7B1D8 /* Resources */ = {
			isa = PBXResourcesBuildPhase;
			buildActionMask = 2147483647;
			files = (
			);
			runOnlyForDeploymentPostprocessing = 0;
		};
/* End PBXResourcesBuildPhase section */

/* Begin PBXShellScriptBuildPhase section */
		010A9237C5457D9FBCDE338D /* [CP] Check Pods Manifest.lock */ = {
			isa = PBXShellScriptBuildPhase;
			buildActionMask = 2147483647;
			files = (
			);
			inputFileListPaths = (
			);
			inputPaths = (
				"${PODS_PODFILE_DIR_PATH}/Podfile.lock",
				"${PODS_ROOT}/Manifest.lock",
			);
			name = "[CP] Check Pods Manifest.lock";
			outputFileListPaths = (
			);
			outputPaths = (
				"$(DERIVED_FILE_DIR)/Pods-ToDoUITests-checkManifestLockResult.txt",
			);
			runOnlyForDeploymentPostprocessing = 0;
			shellPath = /bin/sh;
			shellScript = "diff \"${PODS_PODFILE_DIR_PATH}/Podfile.lock\" \"${PODS_ROOT}/Manifest.lock\" > /dev/null\nif [ $? != 0 ] ; then\n    # print error to STDERR\n    echo \"error: The sandbox is not in sync with the Podfile.lock. Run 'pod install' or update your CocoaPods installation.\" >&2\n    exit 1\nfi\n# This output is used by Xcode 'outputs' to avoid re-running this script phase.\necho \"SUCCESS\" > \"${SCRIPT_OUTPUT_FILE_0}\"\n";
			showEnvVarsInLog = 0;
		};
		1A0B6A2259E7D30CD24C8C31 /* [CP] Check Pods Manifest.lock */ = {
			isa = PBXShellScriptBuildPhase;
			buildActionMask = 2147483647;
			files = (
			);
			inputFileListPaths = (
			);
			inputPaths = (
				"${PODS_PODFILE_DIR_PATH}/Podfile.lock",
				"${PODS_ROOT}/Manifest.lock",
			);
			name = "[CP] Check Pods Manifest.lock";
			outputFileListPaths = (
			);
			outputPaths = (
				"$(DERIVED_FILE_DIR)/Pods-ToDoTests-checkManifestLockResult.txt",
			);
			runOnlyForDeploymentPostprocessing = 0;
			shellPath = /bin/sh;
			shellScript = "diff \"${PODS_PODFILE_DIR_PATH}/Podfile.lock\" \"${PODS_ROOT}/Manifest.lock\" > /dev/null\nif [ $? != 0 ] ; then\n    # print error to STDERR\n    echo \"error: The sandbox is not in sync with the Podfile.lock. Run 'pod install' or update your CocoaPods installation.\" >&2\n    exit 1\nfi\n# This output is used by Xcode 'outputs' to avoid re-running this script phase.\necho \"SUCCESS\" > \"${SCRIPT_OUTPUT_FILE_0}\"\n";
			showEnvVarsInLog = 0;
		};
		5114ED7B2DC966E3619A122D /* [CP] Check Pods Manifest.lock */ = {
			isa = PBXShellScriptBuildPhase;
			buildActionMask = 2147483647;
			files = (
			);
			inputFileListPaths = (
			);
			inputPaths = (
				"${PODS_PODFILE_DIR_PATH}/Podfile.lock",
				"${PODS_ROOT}/Manifest.lock",
			);
			name = "[CP] Check Pods Manifest.lock";
			outputFileListPaths = (
			);
			outputPaths = (
				"$(DERIVED_FILE_DIR)/Pods-ToDo-checkManifestLockResult.txt",
			);
			runOnlyForDeploymentPostprocessing = 0;
			shellPath = /bin/sh;
			shellScript = "diff \"${PODS_PODFILE_DIR_PATH}/Podfile.lock\" \"${PODS_ROOT}/Manifest.lock\" > /dev/null\nif [ $? != 0 ] ; then\n    # print error to STDERR\n    echo \"error: The sandbox is not in sync with the Podfile.lock. Run 'pod install' or update your CocoaPods installation.\" >&2\n    exit 1\nfi\n# This output is used by Xcode 'outputs' to avoid re-running this script phase.\necho \"SUCCESS\" > \"${SCRIPT_OUTPUT_FILE_0}\"\n";
			showEnvVarsInLog = 0;
		};
		7FEA10877767DF9B27FA8F74 /* [CP] Embed Pods Frameworks */ = {
			isa = PBXShellScriptBuildPhase;
			buildActionMask = 2147483647;
			files = (
			);
			inputFileListPaths = (
				"${PODS_ROOT}/Target Support Files/Pods-ToDo/Pods-ToDo-frameworks-${CONFIGURATION}-input-files.xcfilelist",
			);
			name = "[CP] Embed Pods Frameworks";
			outputFileListPaths = (
				"${PODS_ROOT}/Target Support Files/Pods-ToDo/Pods-ToDo-frameworks-${CONFIGURATION}-output-files.xcfilelist",
			);
			runOnlyForDeploymentPostprocessing = 0;
			shellPath = /bin/sh;
			shellScript = "\"${PODS_ROOT}/Target Support Files/Pods-ToDo/Pods-ToDo-frameworks.sh\"\n";
			showEnvVarsInLog = 0;
		};
		9AC01CF7B1DEF00EC7B15DED /* [CP] Embed Pods Frameworks */ = {
			isa = PBXShellScriptBuildPhase;
			buildActionMask = 2147483647;
			files = (
			);
			inputFileListPaths = (
				"${PODS_ROOT}/Target Support Files/Pods-ToDoUITests/Pods-ToDoUITests-frameworks-${CONFIGURATION}-input-files.xcfilelist",
			);
			name = "[CP] Embed Pods Frameworks";
			outputFileListPaths = (
				"${PODS_ROOT}/Target Support Files/Pods-ToDoUITests/Pods-ToDoUITests-frameworks-${CONFIGURATION}-output-files.xcfilelist",
			);
			runOnlyForDeploymentPostprocessing = 0;
			shellPath = /bin/sh;
			shellScript = "\"${PODS_ROOT}/Target Support Files/Pods-ToDoUITests/Pods-ToDoUITests-frameworks.sh\"\n";
			showEnvVarsInLog = 0;
		};
/* End PBXShellScriptBuildPhase section */

/* Begin PBXSourcesBuildPhase section */
		2AF89EB02296EE0A00C7B1D8 /* Sources */ = {
			isa = PBXSourcesBuildPhase;
			buildActionMask = 2147483647;
			files = (
				2AF89EBA2296EE0A00C7B1D8 /* ViewController.swift in Sources */,
				76558774229F0B2A00AC1EA3 /* ToDoStatusNavigator.swift in Sources */,
				76440715229DAF0F0043B397 /* HttpHandler.swift in Sources */,
				76558778229F17DD00AC1EA3 /* CompletedTasksViewController.swift in Sources */,
				76440717229DB0C40043B397 /* JSONParser.swift in Sources */,
				2AF89EB82296EE0A00C7B1D8 /* AppDelegate.swift in Sources */,
				2AD90AAA229739C10022E771 /* ToDoService.swift in Sources */,
				76440719229DBD940043B397 /* CreateToDoViewController.swift in Sources */,
				2AF89EE62296F28900C7B1D8 /* ToDoItem.swift in Sources */,
				2AD90AA8229737150022E771 /* ToDoServiceProtocol.swift in Sources */,
				7644070C229865950043B397 /* MockToDoService.swift in Sources */,
				76558772229ED8A600AC1EA3 /* ToastExtension.swift in Sources */,
			);
			runOnlyForDeploymentPostprocessing = 0;
		};
		2AF89EC42296EE0C00C7B1D8 /* Sources */ = {
			isa = PBXSourcesBuildPhase;
			buildActionMask = 2147483647;
			files = (
				7644071122986BE50043B397 /* ViewControllerTest.swift in Sources */,
			);
			runOnlyForDeploymentPostprocessing = 0;
		};
		2AF89ECF2296EE0C00C7B1D8 /* Sources */ = {
			isa = PBXSourcesBuildPhase;
			buildActionMask = 2147483647;
			files = (
				2AF89EEF229701DE00C7B1D8 /* GherkinTest.swift in Sources */,
				2AF89ED82296EE0C00C7B1D8 /* ToDoUITests.swift in Sources */,
			);
			runOnlyForDeploymentPostprocessing = 0;
		};
/* End PBXSourcesBuildPhase section */

/* Begin PBXTargetDependency section */
		2AF89ECA2296EE0C00C7B1D8 /* PBXTargetDependency */ = {
			isa = PBXTargetDependency;
			target = 2AF89EB32296EE0A00C7B1D8 /* ToDo */;
			targetProxy = 2AF89EC92296EE0C00C7B1D8 /* PBXContainerItemProxy */;
		};
		2AF89ED52296EE0C00C7B1D8 /* PBXTargetDependency */ = {
			isa = PBXTargetDependency;
			target = 2AF89EB32296EE0A00C7B1D8 /* ToDo */;
			targetProxy = 2AF89ED42296EE0C00C7B1D8 /* PBXContainerItemProxy */;
		};
/* End PBXTargetDependency section */

/* Begin PBXVariantGroup section */
		2AF89EBB2296EE0A00C7B1D8 /* Main.storyboard */ = {
			isa = PBXVariantGroup;
			children = (
				2AF89EBC2296EE0A00C7B1D8 /* Base */,
			);
			name = Main.storyboard;
			sourceTree = "<group>";
		};
		2AF89EC02296EE0C00C7B1D8 /* LaunchScreen.storyboard */ = {
			isa = PBXVariantGroup;
			children = (
				2AF89EC12296EE0C00C7B1D8 /* Base */,
			);
			name = LaunchScreen.storyboard;
			sourceTree = "<group>";
		};
/* End PBXVariantGroup section */

/* Begin XCBuildConfiguration section */
		2AF89EDA2296EE0C00C7B1D8 /* Debug */ = {
			isa = XCBuildConfiguration;
			buildSettings = {
				ALWAYS_SEARCH_USER_PATHS = NO;
				CLANG_ANALYZER_NONNULL = YES;
				CLANG_ANALYZER_NUMBER_OBJECT_CONVERSION = YES_AGGRESSIVE;
				CLANG_CXX_LANGUAGE_STANDARD = "gnu++14";
				CLANG_CXX_LIBRARY = "libc++";
				CLANG_ENABLE_MODULES = YES;
				CLANG_ENABLE_OBJC_ARC = YES;
				CLANG_ENABLE_OBJC_WEAK = YES;
				CLANG_WARN_BLOCK_CAPTURE_AUTORELEASING = YES;
				CLANG_WARN_BOOL_CONVERSION = YES;
				CLANG_WARN_COMMA = YES;
				CLANG_WARN_CONSTANT_CONVERSION = YES;
				CLANG_WARN_DEPRECATED_OBJC_IMPLEMENTATIONS = YES;
				CLANG_WARN_DIRECT_OBJC_ISA_USAGE = YES_ERROR;
				CLANG_WARN_DOCUMENTATION_COMMENTS = YES;
				CLANG_WARN_EMPTY_BODY = YES;
				CLANG_WARN_ENUM_CONVERSION = YES;
				CLANG_WARN_INFINITE_RECURSION = YES;
				CLANG_WARN_INT_CONVERSION = YES;
				CLANG_WARN_NON_LITERAL_NULL_CONVERSION = YES;
				CLANG_WARN_OBJC_IMPLICIT_RETAIN_SELF = YES;
				CLANG_WARN_OBJC_LITERAL_CONVERSION = YES;
				CLANG_WARN_OBJC_ROOT_CLASS = YES_ERROR;
				CLANG_WARN_RANGE_LOOP_ANALYSIS = YES;
				CLANG_WARN_STRICT_PROTOTYPES = YES;
				CLANG_WARN_SUSPICIOUS_MOVE = YES;
				CLANG_WARN_UNGUARDED_AVAILABILITY = YES_AGGRESSIVE;
				CLANG_WARN_UNREACHABLE_CODE = YES;
				CLANG_WARN__DUPLICATE_METHOD_MATCH = YES;
				CODE_SIGN_IDENTITY = "iPhone Developer";
				COPY_PHASE_STRIP = NO;
				DEBUG_INFORMATION_FORMAT = dwarf;
				ENABLE_STRICT_OBJC_MSGSEND = YES;
				ENABLE_TESTABILITY = YES;
				GCC_C_LANGUAGE_STANDARD = gnu11;
				GCC_DYNAMIC_NO_PIC = NO;
				GCC_NO_COMMON_BLOCKS = YES;
				GCC_OPTIMIZATION_LEVEL = 0;
				GCC_PREPROCESSOR_DEFINITIONS = (
					"DEBUG=1",
					"$(inherited)",
				);
				GCC_WARN_64_TO_32_BIT_CONVERSION = YES;
				GCC_WARN_ABOUT_RETURN_TYPE = YES_ERROR;
				GCC_WARN_UNDECLARED_SELECTOR = YES;
				GCC_WARN_UNINITIALIZED_AUTOS = YES_AGGRESSIVE;
				GCC_WARN_UNUSED_FUNCTION = YES;
				GCC_WARN_UNUSED_VARIABLE = YES;
				IPHONEOS_DEPLOYMENT_TARGET = 12.2;
				MTL_ENABLE_DEBUG_INFO = INCLUDE_SOURCE;
				MTL_FAST_MATH = YES;
				ONLY_ACTIVE_ARCH = YES;
				SDKROOT = iphoneos;
				SWIFT_ACTIVE_COMPILATION_CONDITIONS = DEBUG;
				SWIFT_OPTIMIZATION_LEVEL = "-Onone";
			};
			name = Debug;
		};
		2AF89EDB2296EE0C00C7B1D8 /* Release */ = {
			isa = XCBuildConfiguration;
			buildSettings = {
				ALWAYS_SEARCH_USER_PATHS = NO;
				CLANG_ANALYZER_NONNULL = YES;
				CLANG_ANALYZER_NUMBER_OBJECT_CONVERSION = YES_AGGRESSIVE;
				CLANG_CXX_LANGUAGE_STANDARD = "gnu++14";
				CLANG_CXX_LIBRARY = "libc++";
				CLANG_ENABLE_MODULES = YES;
				CLANG_ENABLE_OBJC_ARC = YES;
				CLANG_ENABLE_OBJC_WEAK = YES;
				CLANG_WARN_BLOCK_CAPTURE_AUTORELEASING = YES;
				CLANG_WARN_BOOL_CONVERSION = YES;
				CLANG_WARN_COMMA = YES;
				CLANG_WARN_CONSTANT_CONVERSION = YES;
				CLANG_WARN_DEPRECATED_OBJC_IMPLEMENTATIONS = YES;
				CLANG_WARN_DIRECT_OBJC_ISA_USAGE = YES_ERROR;
				CLANG_WARN_DOCUMENTATION_COMMENTS = YES;
				CLANG_WARN_EMPTY_BODY = YES;
				CLANG_WARN_ENUM_CONVERSION = YES;
				CLANG_WARN_INFINITE_RECURSION = YES;
				CLANG_WARN_INT_CONVERSION = YES;
				CLANG_WARN_NON_LITERAL_NULL_CONVERSION = YES;
				CLANG_WARN_OBJC_IMPLICIT_RETAIN_SELF = YES;
				CLANG_WARN_OBJC_LITERAL_CONVERSION = YES;
				CLANG_WARN_OBJC_ROOT_CLASS = YES_ERROR;
				CLANG_WARN_RANGE_LOOP_ANALYSIS = YES;
				CLANG_WARN_STRICT_PROTOTYPES = YES;
				CLANG_WARN_SUSPICIOUS_MOVE = YES;
				CLANG_WARN_UNGUARDED_AVAILABILITY = YES_AGGRESSIVE;
				CLANG_WARN_UNREACHABLE_CODE = YES;
				CLANG_WARN__DUPLICATE_METHOD_MATCH = YES;
				CODE_SIGN_IDENTITY = "iPhone Developer";
				COPY_PHASE_STRIP = NO;
				DEBUG_INFORMATION_FORMAT = "dwarf-with-dsym";
				ENABLE_NS_ASSERTIONS = NO;
				ENABLE_STRICT_OBJC_MSGSEND = YES;
				GCC_C_LANGUAGE_STANDARD = gnu11;
				GCC_NO_COMMON_BLOCKS = YES;
				GCC_WARN_64_TO_32_BIT_CONVERSION = YES;
				GCC_WARN_ABOUT_RETURN_TYPE = YES_ERROR;
				GCC_WARN_UNDECLARED_SELECTOR = YES;
				GCC_WARN_UNINITIALIZED_AUTOS = YES_AGGRESSIVE;
				GCC_WARN_UNUSED_FUNCTION = YES;
				GCC_WARN_UNUSED_VARIABLE = YES;
				IPHONEOS_DEPLOYMENT_TARGET = 12.2;
				MTL_ENABLE_DEBUG_INFO = NO;
				MTL_FAST_MATH = YES;
				SDKROOT = iphoneos;
				SWIFT_COMPILATION_MODE = wholemodule;
				SWIFT_OPTIMIZATION_LEVEL = "-O";
				VALIDATE_PRODUCT = YES;
			};
			name = Release;
		};
		2AF89EDD2296EE0C00C7B1D8 /* Debug */ = {
			isa = XCBuildConfiguration;
			baseConfigurationReference = 5DF1FB64F8A7AA74FBA53C15 /* Pods-ToDo.debug.xcconfig */;
			buildSettings = {
				ASSETCATALOG_COMPILER_APPICON_NAME = AppIcon;
				CODE_SIGN_STYLE = Automatic;
				INFOPLIST_FILE = ToDo/Info.plist;
				LD_RUNPATH_SEARCH_PATHS = (
					"$(inherited)",
					"@executable_path/Frameworks",
				);
				PRODUCT_BUNDLE_IDENTIFIER = com.example.ToDo;
				PRODUCT_NAME = "$(TARGET_NAME)";
				SWIFT_VERSION = 5.0;
				TARGETED_DEVICE_FAMILY = "1,2";
			};
			name = Debug;
		};
		2AF89EDE2296EE0C00C7B1D8 /* Release */ = {
			isa = XCBuildConfiguration;
			baseConfigurationReference = F6EBC1CCBDD8893D3F5D9AC8 /* Pods-ToDo.release.xcconfig */;
			buildSettings = {
				ASSETCATALOG_COMPILER_APPICON_NAME = AppIcon;
				CODE_SIGN_STYLE = Automatic;
				INFOPLIST_FILE = ToDo/Info.plist;
				LD_RUNPATH_SEARCH_PATHS = (
					"$(inherited)",
					"@executable_path/Frameworks",
				);
				PRODUCT_BUNDLE_IDENTIFIER = com.example.ToDo;
				PRODUCT_NAME = "$(TARGET_NAME)";
				SWIFT_VERSION = 5.0;
				TARGETED_DEVICE_FAMILY = "1,2";
			};
			name = Release;
		};
		2AF89EE02296EE0C00C7B1D8 /* Debug */ = {
			isa = XCBuildConfiguration;
			baseConfigurationReference = 69CA809D06A2A1800402A2C5 /* Pods-ToDoTests.debug.xcconfig */;
			buildSettings = {
				ALWAYS_EMBED_SWIFT_STANDARD_LIBRARIES = YES;
				BUNDLE_LOADER = "$(TEST_HOST)";
				CODE_SIGN_STYLE = Automatic;
				INFOPLIST_FILE = ToDoTests/Info.plist;
				LD_RUNPATH_SEARCH_PATHS = (
					"$(inherited)",
					"@executable_path/Frameworks",
					"@loader_path/Frameworks",
				);
				PRODUCT_BUNDLE_IDENTIFIER = com.example.ToDoTests;
				PRODUCT_NAME = "$(TARGET_NAME)";
				SWIFT_VERSION = 5.0;
				TARGETED_DEVICE_FAMILY = "1,2";
				TEST_HOST = "$(BUILT_PRODUCTS_DIR)/ToDo.app/ToDo";
			};
			name = Debug;
		};
		2AF89EE12296EE0C00C7B1D8 /* Release */ = {
			isa = XCBuildConfiguration;
			baseConfigurationReference = 9D4F06097EB01A0387732CD3 /* Pods-ToDoTests.release.xcconfig */;
			buildSettings = {
				ALWAYS_EMBED_SWIFT_STANDARD_LIBRARIES = YES;
				BUNDLE_LOADER = "$(TEST_HOST)";
				CODE_SIGN_STYLE = Automatic;
				INFOPLIST_FILE = ToDoTests/Info.plist;
				LD_RUNPATH_SEARCH_PATHS = (
					"$(inherited)",
					"@executable_path/Frameworks",
					"@loader_path/Frameworks",
				);
				PRODUCT_BUNDLE_IDENTIFIER = com.example.ToDoTests;
				PRODUCT_NAME = "$(TARGET_NAME)";
				SWIFT_VERSION = 5.0;
				TARGETED_DEVICE_FAMILY = "1,2";
				TEST_HOST = "$(BUILT_PRODUCTS_DIR)/ToDo.app/ToDo";
			};
			name = Release;
		};
		2AF89EE32296EE0C00C7B1D8 /* Debug */ = {
			isa = XCBuildConfiguration;
			baseConfigurationReference = 35D83CEEB553AC812A229BA2 /* Pods-ToDoUITests.debug.xcconfig */;
			buildSettings = {
				ALWAYS_EMBED_SWIFT_STANDARD_LIBRARIES = YES;
				CODE_SIGN_STYLE = Automatic;
				INFOPLIST_FILE = ToDoUITests/Info.plist;
				LD_RUNPATH_SEARCH_PATHS = (
					"$(inherited)",
					"@executable_path/Frameworks",
					"@loader_path/Frameworks",
				);
				PRODUCT_BUNDLE_IDENTIFIER = com.example.ToDoUITests;
				PRODUCT_NAME = "$(TARGET_NAME)";
				SWIFT_VERSION = 5.0;
				TARGETED_DEVICE_FAMILY = "1,2";
				TEST_TARGET_NAME = ToDo;
			};
			name = Debug;
		};
		2AF89EE42296EE0C00C7B1D8 /* Release */ = {
			isa = XCBuildConfiguration;
			baseConfigurationReference = CF78968D29BDC957D0F9843F /* Pods-ToDoUITests.release.xcconfig */;
			buildSettings = {
				ALWAYS_EMBED_SWIFT_STANDARD_LIBRARIES = YES;
				CODE_SIGN_STYLE = Automatic;
				INFOPLIST_FILE = ToDoUITests/Info.plist;
				LD_RUNPATH_SEARCH_PATHS = (
					"$(inherited)",
					"@executable_path/Frameworks",
					"@loader_path/Frameworks",
				);
				PRODUCT_BUNDLE_IDENTIFIER = com.example.ToDoUITests;
				PRODUCT_NAME = "$(TARGET_NAME)";
				SWIFT_VERSION = 5.0;
				TARGETED_DEVICE_FAMILY = "1,2";
				TEST_TARGET_NAME = ToDo;
			};
			name = Release;
		};
/* End XCBuildConfiguration section */

/* Begin XCConfigurationList section */
		2AF89EAF2296EE0A00C7B1D8 /* Build configuration list for PBXProject "ToDo" */ = {
			isa = XCConfigurationList;
			buildConfigurations = (
				2AF89EDA2296EE0C00C7B1D8 /* Debug */,
				2AF89EDB2296EE0C00C7B1D8 /* Release */,
			);
			defaultConfigurationIsVisible = 0;
			defaultConfigurationName = Release;
		};
		2AF89EDC2296EE0C00C7B1D8 /* Build configuration list for PBXNativeTarget "ToDo" */ = {
			isa = XCConfigurationList;
			buildConfigurations = (
				2AF89EDD2296EE0C00C7B1D8 /* Debug */,
				2AF89EDE2296EE0C00C7B1D8 /* Release */,
			);
			defaultConfigurationIsVisible = 0;
			defaultConfigurationName = Release;
		};
		2AF89EDF2296EE0C00C7B1D8 /* Build configuration list for PBXNativeTarget "ToDoTests" */ = {
			isa = XCConfigurationList;
			buildConfigurations = (
				2AF89EE02296EE0C00C7B1D8 /* Debug */,
				2AF89EE12296EE0C00C7B1D8 /* Release */,
			);
			defaultConfigurationIsVisible = 0;
			defaultConfigurationName = Release;
		};
		2AF89EE22296EE0C00C7B1D8 /* Build configuration list for PBXNativeTarget "ToDoUITests" */ = {
			isa = XCConfigurationList;
			buildConfigurations = (
				2AF89EE32296EE0C00C7B1D8 /* Debug */,
				2AF89EE42296EE0C00C7B1D8 /* Release */,
			);
			defaultConfigurationIsVisible = 0;
			defaultConfigurationName = Release;
		};
/* End XCConfigurationList section */
	};
	rootObject = 2AF89EAC2296EE0A00C7B1D8 /* Project object */;
}
